
Microsoft Visual Studio Solution File, Format Version 12.00
# Visual Studio Version 16
VisualStudioVersion = 16.0.30413.136
MinimumVisualStudioVersion = 10.0.40219.1
Project("{FAE04EC0-301F-11D3-BF4B-00C04F79EFBC}") = "ApiPatrimonio", "ApiPatrimonio\ApiPatrimonio.csproj", "{E692ADE4-DEDC-4E58-9E3F-7A3880959524}"
EndProject
Global
	GlobalSection(SolutionConfigurationPlatforms) = preSolution
		Debug|Any CPU = Debug|Any CPU
		Release|Any CPU = Release|Any CPU
	EndGlobalSection
	GlobalSection(ProjectConfigurationPlatforms) = postSolution
		{E692ADE4-DEDC-4E58-9E3F-7A3880959524}.Debug|Any CPU.ActiveCfg = Debug|Any CPU
		{E692ADE4-DEDC-4E58-9E3F-7A3880959524}.Debug|Any CPU.Build.0 = Debug|Any CPU
		{E692ADE4-DEDC-4E58-9E3F-7A3880959524}.Release|Any CPU.ActiveCfg = Release|Any CPU
		{E692ADE4-DEDC-4E58-9E3F-7A3880959524}.Release|Any CPU.Build.0 = Release|Any CPU
	EndGlobalSection
	GlobalSection(SolutionProperties) = preSolution
		HideSolutionNode = FALSE
	EndGlobalSection
	GlobalSection(ExtensibilityGlobals) = postSolution
		SolutionGuid = {025B7523-40DF-4D69-B93F-2855E02FD5AA}
	EndGlobalSection
EndGlobal
